github.com/ChimeraCoder/anaconda v2.0.0+incompatible h1:F0eD7CHXieZ+VLboCD5UAqCeAzJZxcr90zSCcuJopJs=
github.com/ChimeraCoder/anaconda v2.0.0+incompatible/go.mod h1:TCt3MijIq3Qqo9SBtuW/rrM4x7rDfWqYWHj8T7hLcLg=
github.com/ChimeraCoder/tokenbucket v0.0.0-20131201223612-c5a927568de7 h1:r+EmXjfPosKO4wfiMLe1XQictsIlhErTufbWUsjOTZs=
github.com/ChimeraCoder/tokenbucket v0.0.0-20131201223612-c5a927568de7/go.mod h1:b2EuEMLSG9q3bZ95ql1+8oVqzzrTNSiOQqSXWFBzxeI=
github.com/azr/backoff v0.0.0-20160115115103-53511d3c7330 h1:ekDALXAVvY/Ub1UtNta3inKQwZ/jMB/zpOtD8rAYh78=
github.com/azr/backoff v0.0.0-20160115115103-53511d3c7330/go.mod h1:nH+k0SvAt3HeiYyOlJpLLv1HG1p7KWP7qU9QPp2/pCo=
github.com/davecgh/go-spew v1.1.0 h1:ZDRjVQ15GmhC3fiQ8ni8+OwkZQO4DARzQgrnXU1Liz8=
github.com/davecgh/go-spew v1.1.0/go.mod h1:J7Y8YcW2NihsgmVo/mv3lAwl/skON4iLHjSsI+c5H38=
github.com/davecgh/go-spew v1.1.1/go.mod h1:J7Y8YcW2NihsgmVo/mv3lAwl/skON4iLHjSsI+c5H38=
github.com/dustin/go-jsonpointer v0.0.0-20160814072949-ba0abeacc3dc h1:tP7tkU+vIsEOKiK+l/NSLN4uUtkyuxc6hgYpQeCWAeI=
github.com/dustin/go-jsonpointer v0.0.0-20160814072949-ba0abeacc3dc/go.mod h1:ORH5Qp2bskd9NzSfKqAF7tKfONsEkCarTE5ESr/RVBw=
github.com/dustin/gojson v0.0.0-20160307161227-2e71ec9dd5ad h1:Qk76DOWdOp+GlyDKBAG3Klr9cn7N+LcYc82AZ2S7+cA=
github.com/dustin/gojson v0.0.0-20160307161227-2e71ec9dd5ad/go.mod h1:mPKfmRa823oBIgl2r20LeMSpTAteW5j7FLkc0vjmzyQ=
github.com/garyburd/go-oauth v0.0.0-20180319155456-bca2e7f09a17 h1:GOfMz6cRgTJ9jWV0qAezv642OhPnKEG7gtUjJSdStHE=
github.com/garyburd/go-oauth v0.0.0-20180319155456-bca2e7f09a17/go.mod h1:HfkOCN6fkKKaPSAeNq/er3xObxTW4VLeY6UUK895gLQ=
github.com/jinzhu/inflection v1.0.0 h1:K317FqzuhWc8YvSVlFMCCUb36O/S9MCKRDI7QkRKD/E=
github.com/jinzhu/inflection v1.0.0/go.mod h1:h+uFLlag+Qp1Va5pdKtLDYj+kHp5pxUVkryuEj+Srlc=
github.com/jinzhu/now v1.1.2 h1:eVKgfIdy9b6zbWBMgFpfDPoAMifwSZagU9HmEU6zgiI=
github.com/jinzhu/now v1.1.2/go.mod h1:d3SSVoowX0Lcu0IBviAWJpolVfI5UJVZZ7cO71lE/z8=
github.com/labstack/echo v3.3.10+incompatible h1:pGRcYk231ExFAyoAjAfD85kQzRJCRI8bbnE7CX5OEgg=
github.com/labstack/echo v3.3.10+incompatible/go.mod h1:0INS7j/VjnFxD4E2wkz67b8cVwCLbBmJyDaka6Cmk1s=
github.com/labstack/gommon v0.3.0 h1:JEeO0bvc78PKdyHxloTKiF8BD5iGrH8T6MSeGvSgob0=
github.com/labstack/gommon v0.3.0/go.mod h1:MULnywXg0yavhxWKc+lOruYdAhDwPK9wf0OL7NoOu+k=
github.com/mattn/go-colorable v0.1.2 h1:/bC9yWikZXAL9uJdulbSfyVNIR3n3trXl+v8+1sx8mU=
github.com/mattn/go-colorable v0.1.2/go.mod h1:U0ppj6V5qS13XJ6of8GYAs25YV2eR4EVcfRqFIhoBtE=
github.com/mattn/go-isatty v0.0.8/go.mod h1:Iq45c/XA43vh69/j3iqttzPXn0bhXyGjM0Hdxcsrc5s=
github.com/mattn/go-isatty v0.0.9 h1:d5US/mDsogSGW37IV293h//ZFaeajb69h+EHFsv2xGg=
github.com/mattn/go-isatty v0.0.9/go.mod h1:YNRxwqDuOph6SZLI9vUUz6OYw3QyUt7WiY2yME+cCiQ=
github.com/mattn/go-sqlite3 v1.14.9 h1:10HX2Td0ocZpYEjhilsuo6WWtUqttj2Kb0KtD86/KYA=
github.com/mattn/go-sqlite3 v1.14.9/go.mod h1:NyWgC/yNuGj7Q9rpYnZvas74GogHl5/Z4A/KQRfk6bU=
github.com/mattn/go-sqlite3 v2.0.3+incompatible h1:gXHsfypPkaMZrKbD5209QV9jbUTJKjyR5WD3HYQSd+U=
github.com/mattn/go-sqlite3 v2.0.3+incompatible/go.mod h1:FPy6KqzDD04eiIsT53CuJW3U88zkxoIYsOqkbpncsNc=
github.com/pmezard/go-difflib v1.0.0 h1:4DBwDE0NGyQoBHbLQYPwSUPoCMWR5BEzIk/f1lZbAQM=
github.com/pmezard/go-difflib v1.0.0/go.mod h1:iKH77koFhYxTK1pcRnkKkqfTogsbg7gZNVY4sRDYZ/4=
github.com/stretchr/objx v0.1.0/go.mod h1:HFkY916IF+rwdDfMAkV7OtwuqBVzrE8GR6GFx+wExME=
github.com/stretchr/testify v1.4.0/go.mod h1:j7eGeouHqKxXV5pUuKE4zz7dFj8WfuZ+81PSLYec5m4=
github.com/stretchr/testify v1.7.0 h1:nwc3DEeHmmLAfoZucVR881uASk0Mfjw8xYJ99tb5CcY=
github.com/stretchr/testify v1.7.0/go.mod h1:6Fq8oRcR53rry900zMqJjRRixrwX3KX962/h/Wwjteg=
github.com/valyala/bytebufferpool v1.0.0 h1:GqA5TC/0021Y/b9FG4Oi9Mr3q7XYx6KllzawFIhcdPw=
github.com/valyala/bytebufferpool v1.0.0/go.mod h1:6bBcMArwyJ5K/AmCkWv1jt77kVWyCJ6HpOuEn7z0Csc=
github.com/valyala/fasttemplate v1.0.1 h1:tY9CJiPnMXf1ERmG2EyK7gNUd+c6RKGD0IfU8WdUSz8=
github.com/valyala/fasttemplate v1.0.1/go.mod h1:UQGH1tvbgY+Nz5t2n7tXsz52dQxojPUpymEIMZ47gx8=
golang.org/x/crypto v0.0.0-20210921155107-089bfa567519 h1:7I4JAnoQBe7ZtJcBaYHi5UtiO8tQHbUSXxL+pnGRANg=
golang.org/x/crypto v0.0.0-20210921155107-089bfa567519/go.mod h1:GvvjBRRGRdwPK5ydBHafDWAxML/pGHZbMvKqRZ5+Abc=
golang.org/x/net v0.0.0-20210226172049-e18ecbb05110 h1:qWPm9rbaAMKs8Bq/9LRpbMqxWRVUAQwMI9fVrssnTfw=
golang.org/x/net v0.0.0-20210226172049-e18ecbb05110/go.mod h1:m0MpNAwzfU5UDzcl9v0D8zg8gWTRqZa9RBIspLL5mdg=
golang.org/x/sys v0.0.0-20190222072716-a9d3bda3a223/go.mod h1:STP8DvDyc/dI5b8T5hshtkjS+E42TnysNCUPdjciGhY=
golang.org/x/sys v0.0.0-20190813064441-fde4db37ae7a/go.mod h1:h1NjWce9XRLGQEsW7wpKNCjG9DtNlClVuFLEZdDNbEs=
golang.org/x/sys v0.0.0-20201119102817-f84b799fce68/go.mod h1:h1NjWce9XRLGQEsW7wpKNCjG9DtNlClVuFLEZdDNbEs=
golang.org/x/sys v0.0.0-20210615035016-665e8c7367d1 h1:SrN+KX8Art/Sf4HNj6Zcz06G7VEz+7w9tdXTPOZ7+l4=
golang.org/x/sys v0.0.0-20210615035016-665e8c7367d1/go.mod h1:oPkhp1MJrh7nUepCBck5+mAzfO9JrbApNNgaTdGDITg=
golang.org/x/term v0.0.0-20201126162022-7de9c90e9dd1/go.mod h1:bj7SfCRtBDWHUb9snDiAeCFNEtKQo2Wmx5Cou7ajbmo=
golang.org/x/text v0.3.3 h1:cokOdA+Jmi5PJGXLlLllQSgYigAEfHXJAERHVMaCc2k=
golang.org/x/text v0.3.3/go.mod h1:5Zoc/QRtKVWzQhOtBMvqHzDpF6irO9z98xDceosuGiQ=
golang.org/x/tools v0.0.0-20180917221912-90fa682c2a6e/go.mod h1:n7NCudcB/nEzxVGmLbDWY5pfWTLqBcC2KZ6jyYvM4mQ=
gopkg.in/check.v1 v0.0.0-20161208181325-20d25e280405 h1:yhCVgyC4o1eVCa2tZl7eS0r+SDo693bJlVdllGtEeKM=
gopkg.in/check.v1 v0.0.0-20161208181325-20d25e280405/go.mod h1:Co6ibVJAznAaIkqp8huTwlJQCZ016jof/cbN4VW5Yz0=
gopkg.in/yaml.v2 v2.2.2/go.mod h1:hI93XBmqTisBFMUTm0b8Fm+jr3Dg1NNxqwp+5A1VGuI=
gopkg.in/yaml.v3 v3.0.0-20200313102051-9f266ea9e77c h1:dUUwHk2QECo/6vqA44rthZ8ie2QXMNeKRTHCNY2nXvo=
gopkg.in/yaml.v3 v3.0.0-20200313102051-9f266ea9e77c/go.mod h1:K4uyk7z7BCEPqu6E+C64Yfv1cQ7kz7rIZviUmN+EgEM=
gorm.io/driver/sqlite v1.2.3 h1:OwKm0xRAnsZMWAl5BtXJ9BsXAZHIt802DOTVMQuzWN8=
gorm.io/driver/sqlite v1.2.3/go.mod h1:wkiGvZF3le/8vjCRYg0bT8TSw6APZ5rtgKW8uQYE3sc=
gorm.io/gorm v1.22.0/go.mod h1:F+OptMscr0P2F2qU97WT1WimdH9GaQPoDW7AYd5i2Y0=
gorm.io/gorm v1.22.2 h1:1iKcvyJnR5bHydBhDqTwasOkoo6+o4Ms5cknSt6qP7I=
gorm.io/gorm v1.22.2/go.mod h1:F+OptMscr0P2F2qU97WT1WimdH9GaQPoDW7AYd5i2Y0=
